# THIS IS AN AUTOGENERATED FILE. DO NOT EDIT THIS FILE DIRECTLY.
# yarn lockfile v1


bluebird@^3.5.1:
  version "3.5.1"
  resolved "https://registry.yarnpkg.com/bluebird/-/bluebird-3.5.1.tgz#d9551f9de98f1fcda1e683d17ee91a0602ee2eb9"

coffeescript@^2.2.3:
  version "2.3.1"
  resolved "https://registry.yarnpkg.com/coffeescript/-/coffeescript-2.3.1.tgz#a25f69c251d25805c9842e57fc94bfc453ef6aed"

lodash@^4.17.10:
  version "4.17.10"
  resolved "https://registry.yarnpkg.com/lodash/-/lodash-4.17.10.tgz#1b7793cf7259ea38fb3661d4d38b3260af8ae4e7"

moment@^2.22.2:
  version "2.22.2"
  resolved "https://registry.yarnpkg.com/moment/-/moment-2.22.2.tgz#3c257f9839fc0e93ff53149632239eb90783ff66"

rrq@^1.1.1:
  version "1.1.1"
  resolved "https://registry.yarnpkg.com/rrq/-/rrq-1.1.1.tgz#8f24e708a833791e517540796cad846cb2e5f1c1"

yaml@^1.0.0-rc.7:
  version "1.0.0-rc.7"
  resolved "https://registry.yarnpkg.com/yaml/-/yaml-1.0.0-rc.7.tgz#7cf9dba3c78992542b7a2d7cb9a7eeacbff63f77"
